// !$*UTF8*$!
{
	archiveVersion = 1;
	classes = {
	};
	objectVersion = 55;
	objects = {

/* Begin PBXBuildFile section */
		E011FE62294ED7F90040CD02 /* QuizApp.swift in Sources */ = {isa = PBXBuildFile; fileRef = E011FE61294ED7F90040CD02 /* QuizApp.swift */; };
		E011FE64294ED7F90040CD02 /* ContentView.swift in Sources */ = {isa = PBXBuildFile; fileRef = E011FE63294ED7F90040CD02 /* ContentView.swift */; };
		E011FE66294ED7FE0040CD02 /* Assets.xcassets in Resources */ = {isa = PBXBuildFile; fileRef = E011FE65294ED7FE0040CD02 /* Assets.xcassets */; };
		E011FE69294ED7FE0040CD02 /* Preview Assets.xcassets in Resources */ = {isa = PBXBuildFile; fileRef = E011FE68294ED7FE0040CD02 /* Preview Assets.xcassets */; };
		E011FE74294ED8DB0040CD02 /* NextButton.swift in Sources */ = {isa = PBXBuildFile; fileRef = E011FE73294ED8DB0040CD02 /* NextButton.swift */; };
		E011FE78294EDE1C0040CD02 /* Extension.swift in Sources */ = {isa = PBXBuildFile; fileRef = E011FE77294EDE1C0040CD02 /* Extension.swift */; };
		E011FE7A294EE0450040CD02 /* QuestionView.swift in Sources */ = {isa = PBXBuildFile; fileRef = E011FE79294EE0440040CD02 /* QuestionView.swift */; };
		E011FE7C294EE1390040CD02 /* ProgressBar.swift in Sources */ = {isa = PBXBuildFile; fileRef = E011FE7B294EE1390040CD02 /* ProgressBar.swift */; };
		E011FE7F294EE58F0040CD02 /* Answer.swift in Sources */ = {isa = PBXBuildFile; fileRef = E011FE7E294EE58F0040CD02 /* Answer.swift */; };
		E011FE81294EE6240040CD02 /* AnswerRow.swift in Sources */ = {isa = PBXBuildFile; fileRef = E011FE80294EE6240040CD02 /* AnswerRow.swift */; };
		E011FE85294EF06D0040CD02 /* GoButton.swift in Sources */ = {isa = PBXBuildFile; fileRef = E011FE84294EF06D0040CD02 /* GoButton.swift */; };
		E011FE87294EF22D0040CD02 /* Quiz.swift in Sources */ = {isa = PBXBuildFile; fileRef = E011FE86294EF22C0040CD02 /* Quiz.swift */; };
		E0300428294F093600ABB90B /* QuizManager.swift in Sources */ = {isa = PBXBuildFile; fileRef = E0300427294F093600ABB90B /* QuizManager.swift */; };
		E030042A294F12CF00ABB90B /* QuizView.swift in Sources */ = {isa = PBXBuildFile; fileRef = E0300429294F12CF00ABB90B /* QuizView.swift */; };
/* End PBXBuildFile section */

/* Begin PBXFileReference section */
		E011FE5E294ED7F90040CD02 /* Quiz.app */ = {isa = PBXFileReference; explicitFileType = wrapper.application; includeInIndex = 0; path = Quiz.app; sourceTree = BUILT_PRODUCTS_DIR; };
		E011FE61294ED7F90040CD02 /* QuizApp.swift */ = {isa = PBXFileReference; lastKnownFileType = sourcecode.swift; path = QuizApp.swift; sourceTree = "<group>"; };
		E011FE63294ED7F90040CD02 /* ContentView.swift */ = {isa = PBXFileReference; lastKnownFileType = sourcecode.swift; path = ContentView.swift; sourceTree = "<group>"; };
		E011FE65294ED7FE0040CD02 /* Assets.xcassets */ = {isa = PBXFileReference; lastKnownFileType = folder.assetcatalog; path = Assets.xcassets; sourceTree = "<group>"; };
		E011FE68294ED7FE0040CD02 /* Preview Assets.xcassets */ = {isa = PBXFileReference; lastKnownFileType = folder.assetcatalog; path = "Preview Assets.xcassets"; sourceTree = "<group>"; };
		E011FE73294ED8DB0040CD02 /* NextButton.swift */ = {isa = PBXFileReference; lastKnownFileType = sourcecode.swift; path = NextButton.swift; sourceTree = "<group>"; };
		E011FE77294EDE1C0040CD02 /* Extension.swift */ = {isa = PBXFileReference; lastKnownFileType = sourcecode.swift; path = Extension.swift; sourceTree = "<group>"; };
		E011FE79294EE0440040CD02 /* QuestionView.swift */ = {isa = PBXFileReference; lastKnownFileType = sourcecode.swift; path = QuestionView.swift; sourceTree = "<group>"; };
		E011FE7B294EE1390040CD02 /* ProgressBar.swift */ = {isa = PBXFileReference; lastKnownFileType = sourcecode.swift; path = ProgressBar.swift; sourceTree = "<group>"; };
		E011FE7E294EE58F0040CD02 /* Answer.swift */ = {isa = PBXFileReference; lastKnownFileType = sourcecode.swift; path = Answer.swift; sourceTree = "<group>"; };
		E011FE80294EE6240040CD02 /* AnswerRow.swift */ = {isa = PBXFileReference; lastKnownFileType = sourcecode.swift; path = AnswerRow.swift; sourceTree = "<group>"; };
		E011FE84294EF06D0040CD02 /* GoButton.swift */ = {isa = PBXFileReference; lastKnownFileType = sourcecode.swift; path = GoButton.swift; sourceTree = "<group>"; };
		E011FE86294EF22C0040CD02 /* Quiz.swift */ = {isa = PBXFileReference; lastKnownFileType = sourcecode.swift; path = Quiz.swift; sourceTree = "<group>"; };
		E0300427294F093600ABB90B /* QuizManager.swift */ = {isa = PBXFileReference; lastKnownFileType = sourcecode.swift; path = QuizManager.swift; sourceTree = "<group>"; };
		E0300429294F12CF00ABB90B /* QuizView.swift */ = {isa = PBXFileReference; lastKnownFileType = sourcecode.swift; path = QuizView.swift; sourceTree = "<group>"; };
/* End PBXFileReference section */

/* Begin PBXFrameworksBuildPhase section */
		E011FE5B294ED7F90040CD02 /* Frameworks */ = {
			isa = PBXFrameworksBuildPhase;
			buildActionMask = 2147483647;
			files = (
			);
			runOnlyForDeploymentPostprocessing = 0;
		};
/* End PBXFrameworksBuildPhase section */

/* Begin PBXGroup section */
		E011FE55294ED7F90040CD02 = {
			isa = PBXGroup;
			children = (
				E011FE60294ED7F90040CD02 /* Quiz */,
				E011FE5F294ED7F90040CD02 /* Products */,
			);
			sourceTree = "<group>";
		};
		E011FE5F294ED7F90040CD02 /* Products */ = {
			isa = PBXGroup;
			children = (
				E011FE5E294ED7F90040CD02 /* Quiz.app */,
			);
			name = Products;
			sourceTree = "<group>";
		};
		E011FE60294ED7F90040CD02 /* Quiz */ = {
			isa = PBXGroup;
			children = (
				E011FE61294ED7F90040CD02 /* QuizApp.swift */,
				E011FE63294ED7F90040CD02 /* ContentView.swift */,
				E011FE70294ED89C0040CD02 /* View */,
				E011FE7D294EE5760040CD02 /* Model */,
				E011FE6F294ED82B0040CD02 /* Helpers */,
				E011FE65294ED7FE0040CD02 /* Assets.xcassets */,
				E011FE67294ED7FE0040CD02 /* Preview Content */,
			);
			path = Quiz;
			sourceTree = "<group>";
		};
		E011FE67294ED7FE0040CD02 /* Preview Content */ = {
			isa = PBXGroup;
			children = (
				E011FE68294ED7FE0040CD02 /* Preview Assets.xcassets */,
			);
			path = "Preview Content";
			sourceTree = "<group>";
		};
		E011FE6F294ED82B0040CD02 /* Helpers */ = {
			isa = PBXGroup;
			children = (
				E011FE73294ED8DB0040CD02 /* NextButton.swift */,
				E011FE77294EDE1C0040CD02 /* Extension.swift */,
				E011FE7B294EE1390040CD02 /* ProgressBar.swift */,
				E011FE80294EE6240040CD02 /* AnswerRow.swift */,
				E011FE84294EF06D0040CD02 /* GoButton.swift */,
			);
			path = Helpers;
			sourceTree = "<group>";
		};
		E011FE70294ED89C0040CD02 /* View */ = {
			isa = PBXGroup;
			children = (
				E011FE79294EE0440040CD02 /* QuestionView.swift */,
				E0300429294F12CF00ABB90B /* QuizView.swift */,
			);
			path = View;
			sourceTree = "<group>";
		};
		E011FE7D294EE5760040CD02 /* Model */ = {
			isa = PBXGroup;
			children = (
				E011FE7E294EE58F0040CD02 /* Answer.swift */,
				E011FE86294EF22C0040CD02 /* Quiz.swift */,
				E0300427294F093600ABB90B /* QuizManager.swift */,
			);
			path = Model;
			sourceTree = "<group>";
		};
/* End PBXGroup section */

/* Begin PBXNativeTarget section */
		E011FE5D294ED7F90040CD02 /* Quiz */ = {
			isa = PBXNativeTarget;
			buildConfigurationList = E011FE6C294ED7FE0040CD02 /* Build configuration list for PBXNativeTarget "Quiz" */;
			buildPhases = (
				E011FE5A294ED7F90040CD02 /* Sources */,
				E011FE5B294ED7F90040CD02 /* Frameworks */,
				E011FE5C294ED7F90040CD02 /* Resources */,
			);
			buildRules = (
			);
			dependencies = (
			);
			name = Quiz;
			productName = Quiz;
			productReference = E011FE5E294ED7F90040CD02 /* Quiz.app */;
			productType = "com.apple.product-type.application";
		};
/* End PBXNativeTarget section */

/* Begin PBXProject section */
		E011FE56294ED7F90040CD02 /* Project object */ = {
			isa = PBXProject;
			attributes = {
				BuildIndependentTargetsInParallel = 1;
				LastSwiftUpdateCheck = 1310;
				LastUpgradeCheck = 1310;
				TargetAttributes = {
					E011FE5D294ED7F90040CD02 = {
						CreatedOnToolsVersion = 13.1;
					};
				};
			};
			buildConfigurationList = E011FE59294ED7F90040CD02 /* Build configuration list for PBXProject "Quiz" */;
			compatibilityVersion = "Xcode 13.0";
			developmentRegion = en;
			hasScannedForEncodings = 0;
			knownRegions = (
				en,
				Base,
			);
			mainGroup = E011FE55294ED7F90040CD02;
			productRefGroup = E011FE5F294ED7F90040CD02 /* Products */;
			projectDirPath = "";
			projectRoot = "";
			targets = (
				E011FE5D294ED7F90040CD02 /* Quiz */,
			);
		};
/* End PBXProject section */

/* Begin PBXResourcesBuildPhase section */
		E011FE5C294ED7F90040CD02 /* Resources */ = {
			isa = PBXResourcesBuildPhase;
			buildActionMask = 2147483647;
			files = (
				E011FE69294ED7FE0040CD02 /* Preview Assets.xcassets in Resources */,
				E011FE66294ED7FE0040CD02 /* Assets.xcassets in Resources */,
			);
			runOnlyForDeploymentPostprocessing = 0;
		};
/* End PBXResourcesBuildPhase section */

/* Begin PBXSourcesBuildPhase section */
		E011FE5A294ED7F90040CD02 /* Sources */ = {
			isa = PBXSourcesBuildPhase;
			buildActionMask = 2147483647;
			files = (
				E011FE78294EDE1C0040CD02 /* Extension.swift in Sources */,
				E011FE81294EE6240040CD02 /* AnswerRow.swift in Sources */,
				E011FE74294ED8DB0040CD02 /* NextButton.swift in Sources */,
				E011FE85294EF06D0040CD02 /* GoButton.swift in Sources */,
				E030042A294F12CF00ABB90B /* QuizView.swift in Sources */,
				E0300428294F093600ABB90B /* QuizManager.swift in Sources */,
				E011FE64294ED7F90040CD02 /* ContentView.swift in Sources */,
				E011FE7A294EE0450040CD02 /* QuestionView.swift in Sources */,
				E011FE87294EF22D0040CD02 /* Quiz.swift in Sources */,
				E011FE62294ED7F90040CD02 /* QuizApp.swift in Sources */,
				E011FE7C294EE1390040CD02 /* ProgressBar.swift in Sources */,
				E011FE7F294EE58F0040CD02 /* Answer.swift in Sources */,
			);
			runOnlyForDeploymentPostprocessing = 0;
		};
/* End PBXSourcesBuildPhase section */

/* Begin XCBuildConfiguration section */
		E011FE6A294ED7FE0040CD02 /* Debug */ = {
			isa = XCBuildConfiguration;
			buildSettings = {
				ALWAYS_SEARCH_USER_PATHS = NO;
				CLANG_ANALYZER_NONNULL = YES;
				CLANG_ANALYZER_NUMBER_OBJECT_CONVERSION = YES_AGGRESSIVE;
				CLANG_CXX_LANGUAGE_STANDARD = "gnu++17";
				CLANG_CXX_LIBRARY = "libc++";
				CLANG_ENABLE_MODULES = YES;
				CLANG_ENABLE_OBJC_ARC = YES;
				CLANG_ENABLE_OBJC_WEAK = YES;
				CLANG_WARN_BLOCK_CAPTURE_AUTORELEASING = YES;
				CLANG_WARN_BOOL_CONVERSION = YES;
				CLANG_WARN_COMMA = YES;
				CLANG_WARN_CONSTANT_CONVERSION = YES;
				CLANG_WARN_DEPRECATED_OBJC_IMPLEMENTATIONS = YES;
				CLANG_WARN_DIRECT_OBJC_ISA_USAGE = YES_ERROR;
				CLANG_WARN_DOCUMENTATION_COMMENTS = YES;
				CLANG_WARN_EMPTY_BODY = YES;
				CLANG_WARN_ENUM_CONVERSION = YES;
				CLANG_WARN_INFINITE_RECURSION = YES;
				CLANG_WARN_INT_CONVERSION = YES;
				CLANG_WARN_NON_LITERAL_NULL_CONVERSION = YES;
				CLANG_WARN_OBJC_IMPLICIT_RETAIN_SELF = YES;
				CLANG_WARN_OBJC_LITERAL_CONVERSION = YES;
				CLANG_WARN_OBJC_ROOT_CLASS = YES_ERROR;
				CLANG_WARN_QUOTED_INCLUDE_IN_FRAMEWORK_HEADER = YES;
				CLANG_WARN_RANGE_LOOP_ANALYSIS = YES;
				CLANG_WARN_STRICT_PROTOTYPES = YES;
				CLANG_WARN_SUSPICIOUS_MOVE = YES;
				CLANG_WARN_UNGUARDED_AVAILABILITY = YES_AGGRESSIVE;
				CLANG_WARN_UNREACHABLE_CODE = YES;
				CLANG_WARN__DUPLICATE_METHOD_MATCH = YES;
				COPY_PHASE_STRIP = NO;
				DEBUG_INFORMATION_FORMAT = dwarf;
				ENABLE_STRICT_OBJC_MSGSEND = YES;
				ENABLE_TESTABILITY = YES;
				GCC_C_LANGUAGE_STANDARD = gnu11;
				GCC_DYNAMIC_NO_PIC = NO;
				GCC_NO_COMMON_BLOCKS = YES;
				GCC_OPTIMIZATION_LEVEL = 0;
				GCC_PREPROCESSOR_DEFINITIONS = (
					"DEBUG=1",
					"$(inherited)",
				);
				GCC_WARN_64_TO_32_BIT_CONVERSION = YES;
				GCC_WARN_ABOUT_RETURN_TYPE = YES_ERROR;
				GCC_WARN_UNDECLARED_SELECTOR = YES;
				GCC_WARN_UNINITIALIZED_AUTOS = YES_AGGRESSIVE;
				GCC_WARN_UNUSED_FUNCTION = YES;
				GCC_WARN_UNUSED_VARIABLE = YES;
				IPHONEOS_DEPLOYMENT_TARGET = 15.0;
				MTL_ENABLE_DEBUG_INFO = INCLUDE_SOURCE;
				MTL_FAST_MATH = YES;
				ONLY_ACTIVE_ARCH = YES;
				SDKROOT = iphoneos;
				SWIFT_ACTIVE_COMPILATION_CONDITIONS = DEBUG;
				SWIFT_OPTIMIZATION_LEVEL = "-Onone";
			};
			name = Debug;
		};
		E011FE6B294ED7FE0040CD02 /* Release */ = {
			isa = XCBuildConfiguration;
			buildSettings = {
				ALWAYS_SEARCH_USER_PATHS = NO;
				CLANG_ANALYZER_NONNULL = YES;
				CLANG_ANALYZER_NUMBER_OBJECT_CONVERSION = YES_AGGRESSIVE;
				CLANG_CXX_LANGUAGE_STANDARD = "gnu++17";
				CLANG_CXX_LIBRARY = "libc++";
				CLANG_ENABLE_MODULES = YES;
				CLANG_ENABLE_OBJC_ARC = YES;
				CLANG_ENABLE_OBJC_WEAK = YES;
				CLANG_WARN_BLOCK_CAPTURE_AUTORELEASING = YES;
				CLANG_WARN_BOOL_CONVERSION = YES;
				CLANG_WARN_COMMA = YES;
				CLANG_WARN_CONSTANT_CONVERSION = YES;
				CLANG_WARN_DEPRECATED_OBJC_IMPLEMENTATIONS = YES;
				CLANG_WARN_DIRECT_OBJC_ISA_USAGE = YES_ERROR;
				CLANG_WARN_DOCUMENTATION_COMMENTS = YES;
				CLANG_WARN_EMPTY_BODY = YES;
				CLANG_WARN_ENUM_CONVERSION = YES;
				CLANG_WARN_INFINITE_RECURSION = YES;
				CLANG_WARN_INT_CONVERSION = YES;
				CLANG_WARN_NON_LITERAL_NULL_CONVERSION = YES;
				CLANG_WARN_OBJC_IMPLICIT_RETAIN_SELF = YES;
				CLANG_WARN_OBJC_LITERAL_CONVERSION = YES;
				CLANG_WARN_OBJC_ROOT_CLASS = YES_ERROR;
				CLANG_WARN_QUOTED_INCLUDE_IN_FRAMEWORK_HEADER = YES;
				CLANG_WARN_RANGE_LOOP_ANALYSIS = YES;
				CLANG_WARN_STRICT_PROTOTYPES = YES;
				CLANG_WARN_SUSPICIOUS_MOVE = YES;
				CLANG_WARN_UNGUARDED_AVAILABILITY = YES_AGGRESSIVE;
				CLANG_WARN_UNREACHABLE_CODE = YES;
				CLANG_WARN__DUPLICATE_METHOD_MATCH = YES;
				COPY_PHASE_STRIP = NO;
				DEBUG_INFORMATION_FORMAT = "dwarf-with-dsym";
				ENABLE_NS_ASSERTIONS = NO;
				ENABLE_STRICT_OBJC_MSGSEND = YES;
				GCC_C_LANGUAGE_STANDARD = gnu11;
				GCC_NO_COMMON_BLOCKS = YES;
				GCC_WARN_64_TO_32_BIT_CONVERSION = YES;
				GCC_WARN_ABOUT_RETURN_TYPE = YES_ERROR;
				GCC_WARN_UNDECLARED_SELECTOR = YES;
				GCC_WARN_UNINITIALIZED_AUTOS = YES_AGGRESSIVE;
				GCC_WARN_UNUSED_FUNCTION = YES;
				GCC_WARN_UNUSED_VARIABLE = YES;
				IPHONEOS_DEPLOYMENT_TARGET = 15.0;
				MTL_ENABLE_DEBUG_INFO = NO;
				MTL_FAST_MATH = YES;
				SDKROOT = iphoneos;
				SWIFT_COMPILATION_MODE = wholemodule;
				SWIFT_OPTIMIZATION_LEVEL = "-O";
				VALIDATE_PRODUCT = YES;
			};
			name = Release;
		};
		E011FE6D294ED7FE0040CD02 /* Debug */ = {
			isa = XCBuildConfiguration;
			buildSettings = {
				ASSETCATALOG_COMPILER_APPICON_NAME = AppIcon;
				ASSETCATALOG_COMPILER_GLOBAL_ACCENT_COLOR_NAME = AccentColor;
				CODE_SIGN_STYLE = Automatic;
				CURRENT_PROJECT_VERSION = 1;
				DEVELOPMENT_ASSET_PATHS = "\"Quiz/Preview Content\"";
				ENABLE_PREVIEWS = YES;
				GENERATE_INFOPLIST_FILE = YES;
				INFOPLIST_KEY_UIApplicationSceneManifest_Generation = YES;
				INFOPLIST_KEY_UIApplicationSupportsIndirectInputEvents = YES;
				INFOPLIST_KEY_UILaunchScreen_Generation = YES;
				INFOPLIST_KEY_UISupportedInterfaceOrientations_iPad = "UIInterfaceOrientationPortrait UIInterfaceOrientationPortraitUpsideDown UIInterfaceOrientationLandscapeLeft UIInterfaceOrientationLandscapeRight";
				INFOPLIST_KEY_UISupportedInterfaceOrientations_iPhone = "UIInterfaceOrientationPortrait UIInterfaceOrientationLandscapeLeft UIInterfaceOrientationLandscapeRight";
				LD_RUNPATH_SEARCH_PATHS = (
					"$(inherited)",
					"@executable_path/Frameworks",
				);
				MARKETING_VERSION = 1.0;
				PRODUCT_BUNDLE_IDENTIFIER = tt.Quiz;
				PRODUCT_NAME = "$(TARGET_NAME)";
				SWIFT_EMIT_LOC_STRINGS = YES;
				SWIFT_VERSION = 5.0;
				TARGETED_DEVICE_FAMILY = "1,2";
			};
			name = Debug;
		};
		E011FE6E294ED7FE0040CD02 /* Release */ = {
			isa = XCBuildConfiguration;
			buildSettings = {
				ASSETCATALOG_COMPILER_APPICON_NAME = AppIcon;
				ASSETCATALOG_COMPILER_GLOBAL_ACCENT_COLOR_NAME = AccentColor;
				CODE_SIGN_STYLE = Automatic;
				CURRENT_PROJECT_VERSION = 1;
				DEVELOPMENT_ASSET_PATHS = "\"Quiz/Preview Content\"";
				ENABLE_PREVIEWS = YES;
				GENERATE_INFOPLIST_FILE = YES;
				INFOPLIST_KEY_UIApplicationSceneManifest_Generation = YES;
				INFOPLIST_KEY_UIApplicationSupportsIndirectInputEvents = YES;
				INFOPLIST_KEY_UILaunchScreen_Generation = YES;
				INFOPLIST_KEY_UISupportedInterfaceOrientations_iPad = "UIInterfaceOrientationPortrait UIInterfaceOrientationPortraitUpsideDown UIInterfaceOrientationLandscapeLeft UIInterfaceOrientationLandscapeRight";
				INFOPLIST_KEY_UISupportedInterfaceOrientations_iPhone = "UIInterfaceOrientationPortrait UIInterfaceOrientationLandscapeLeft UIInterfaceOrientationLandscapeRight";
				LD_RUNPATH_SEARCH_PATHS = (
					"$(inherited)",
					"@executable_path/Frameworks",
				);
				MARKETING_VERSION = 1.0;
				PRODUCT_BUNDLE_IDENTIFIER = tt.Quiz;
				PRODUCT_NAME = "$(TARGET_NAME)";
				SWIFT_EMIT_LOC_STRINGS = YES;
				SWIFT_VERSION = 5.0;
				TARGETED_DEVICE_FAMILY = "1,2";
			};
			name = Release;
		};
/* End XCBuildConfiguration section */

/* Begin XCConfigurationList section */
		E011FE59294ED7F90040CD02 /* Build configuration list for PBXProject "Quiz" */ = {
			isa = XCConfigurationList;
			buildConfigurations = (
				E011FE6A294ED7FE0040CD02 /* Debug */,
				E011FE6B294ED7FE0040CD02 /* Release */,
			);
			defaultConfigurationIsVisible = 0;
			defaultConfigurationName = Release;
		};
		E011FE6C294ED7FE0040CD02 /* Build configuration list for PBXNativeTarget "Quiz" */ = {
			isa = XCConfigurationList;
			buildConfigurations = (
				E011FE6D294ED7FE0040CD02 /* Debug */,
				E011FE6E294ED7FE0040CD02 /* Release */,
			);
			defaultConfigurationIsVisible = 0;
			defaultConfigurationName = Release;
		};
/* End XCConfigurationList section */
	};
	rootObject = E011FE56294ED7F90040CD02 /* Project object */;
}
